
Microsoft Visual Studio Solution File, Format Version 11.00
# Visual Studio 2010
Project("{8BC9CEB8-8B4A-11D0-8D11-00A0C91BC942}") = "MLLib", "MLLib\MLLib.vcxproj", "{2A2D599F-49F8-48F6-8026-614973DB0428}"
EndProject
Project("{8BC9CEB8-8B4A-11D0-8D11-00A0C91BC942}") = "MLBayesTest", "MLBayesTest\MLBayesTest.vcxproj", "{CA920FDA-4A15-4284-8B12-70CB096BE56E}"
	ProjectSection(ProjectDependencies) = postProject
		{2A2D599F-49F8-48F6-8026-614973DB0428} = {2A2D599F-49F8-48F6-8026-614973DB0428}
	EndProjectSection
EndProject
Project("{8BC9CEB8-8B4A-11D0-8D11-00A0C91BC942}") = "MLSVMTest", "MLSVMTest\MLSVMTest.vcxproj", "{AA009372-D604-47D3-AACD-61D3384F5D53}"
	ProjectSection(ProjectDependencies) = postProject
		{2A2D599F-49F8-48F6-8026-614973DB0428} = {2A2D599F-49F8-48F6-8026-614973DB0428}
	EndProjectSection
EndProject
Global
	GlobalSection(SolutionConfigurationPlatforms) = preSolution
		Debug|Win32 = Debug|Win32
		Release|Win32 = Release|Win32
	EndGlobalSection
	GlobalSection(ProjectConfigurationPlatforms) = postSolution
		{2A2D599F-49F8-48F6-8026-614973DB0428}.Debug|Win32.ActiveCfg = Debug|Win32
		{2A2D599F-49F8-48F6-8026-614973DB0428}.Debug|Win32.Build.0 = Debug|Win32
		{2A2D599F-49F8-48F6-8026-614973DB0428}.Release|Win32.ActiveCfg = Release|Win32
		{2A2D599F-49F8-48F6-8026-614973DB0428}.Release|Win32.Build.0 = Release|Win32
		{CA920FDA-4A15-4284-8B12-70CB096BE56E}.Debug|Win32.ActiveCfg = Debug|Win32
		{CA920FDA-4A15-4284-8B12-70CB096BE56E}.Debug|Win32.Build.0 = Debug|Win32
		{CA920FDA-4A15-4284-8B12-70CB096BE56E}.Release|Win32.ActiveCfg = Release|Win32
		{CA920FDA-4A15-4284-8B12-70CB096BE56E}.Release|Win32.Build.0 = Release|Win32
		{AA009372-D604-47D3-AACD-61D3384F5D53}.Debug|Win32.ActiveCfg = Debug|Win32
		{AA009372-D604-47D3-AACD-61D3384F5D53}.Debug|Win32.Build.0 = Debug|Win32
		{AA009372-D604-47D3-AACD-61D3384F5D53}.Release|Win32.ActiveCfg = Release|Win32
		{AA009372-D604-47D3-AACD-61D3384F5D53}.Release|Win32.Build.0 = Release|Win32
	EndGlobalSection
	GlobalSection(SolutionProperties) = preSolution
		HideSolutionNode = FALSE
	EndGlobalSection
EndGlobal
