
Microsoft Visual Studio Solution File, Format Version 11.00
# Visual Studio 2010
Project("{8BC9CEB8-8B4A-11D0-8D11-00A0C91BC942}") = "TestProg", "TestProg.vcxproj", "{F8A27E2D-DB8F-4232-ADA8-D8213C03DE2E}"
EndProject
Global
	GlobalSection(SolutionConfigurationPlatforms) = preSolution
		Debug|Win32 = Debug|Win32
		Release|Win32 = Release|Win32
	EndGlobalSection
	GlobalSection(ProjectConfigurationPlatforms) = postSolution
		{F8A27E2D-DB8F-4232-ADA8-D8213C03DE2E}.Debug|Win32.ActiveCfg = Debug|Win32
		{F8A27E2D-DB8F-4232-ADA8-D8213C03DE2E}.Debug|Win32.Build.0 = Debug|Win32
		{F8A27E2D-DB8F-4232-ADA8-D8213C03DE2E}.Release|Win32.ActiveCfg = Release|Win32
		{F8A27E2D-DB8F-4232-ADA8-D8213C03DE2E}.Release|Win32.Build.0 = Release|Win32
	EndGlobalSection
	GlobalSection(SolutionProperties) = preSolution
		HideSolutionNode = FALSE
	EndGlobalSection
EndGlobal
